
Microsoft Visual Studio Solution File, Format Version 12.00
# Visual Studio 15
VisualStudioVersion = 15.0.27004.2006
MinimumVisualStudioVersion = 10.0.40219.1
Project("{2150E333-8FDC-42A3-9474-1A3956D46DE8}") = "Core", "Core", "{FF35740A-3927-457E-9978-03975CF8ABA0}"
EndProject
Project("{8BC9CEB8-8B4A-11D0-8D11-00A0C91BC942}") = "Engine", "Core\Engine\Engine.vcxproj", "{DD11E214-6AE9-47E6-80F6-E6B42BF38564}"
EndProject
Project("{2150E333-8FDC-42A3-9474-1A3956D46DE8}") = "Test", "Test", "{A0FF287E-840C-433A-BA0C-BAD1404A3206}"
EndProject
Project("{8BC9CEB8-8B4A-11D0-8D11-00A0C91BC942}") = "VulkanTest1", "Test\VulkanTest1\VulkanTest1.vcxproj", "{32BCA2E5-CBCE-4440-A89B-B557A0A6D881}"
	ProjectSection(ProjectDependencies) = postProject
		{DD11E214-6AE9-47E6-80F6-E6B42BF38564} = {DD11E214-6AE9-47E6-80F6-E6B42BF38564}
	EndProjectSection
EndProject
Project("{2150E333-8FDC-42A3-9474-1A3956D46DE8}") = "Third", "Third", "{A5B016D2-DB5E-4910-8085-A68EDAD3FF03}"
EndProject
Project("{8BC9CEB8-8B4A-11D0-8D11-00A0C91BC942}") = "OGLCompiler", "ThirdLib\glslang\Build\OGLCompilersDLL\OGLCompiler.vcxproj", "{E5A44831-1A26-4E1E-A89F-CEAE6A181BBD}"
EndProject
Project("{8BC9CEB8-8B4A-11D0-8D11-00A0C91BC942}") = "HLSL", "ThirdLib\glslang\Build\hlsl\HLSL.vcxproj", "{39741C27-2E11-4D12-A9A0-6250CA95E150}"
EndProject
Project("{8BC9CEB8-8B4A-11D0-8D11-00A0C91BC942}") = "glslang", "ThirdLib\glslang\Build\glslang\glslang.vcxproj", "{CE815FD8-6BBD-43EA-A128-7F6D74A36052}"
EndProject
Project("{8BC9CEB8-8B4A-11D0-8D11-00A0C91BC942}") = "OSDependent", "ThirdLib\glslang\Build\glslang\OSDependent\Windows\OSDependent.vcxproj", "{60EC7584-C146-430C-ACD0-26CEA9578386}"
EndProject
Project("{8BC9CEB8-8B4A-11D0-8D11-00A0C91BC942}") = "SPIRV", "ThirdLib\glslang\Build\SPIRV\SPIRV.vcxproj", "{01086780-5495-4E39-902E-A36FB943ADBF}"
EndProject
Project("{8BC9CEB8-8B4A-11D0-8D11-00A0C91BC942}") = "SPVRemapper", "ThirdLib\glslang\Build\SPIRV\SPVRemapper.vcxproj", "{6813EA9B-2AE5-40A4-8577-2AA95CD8E23B}"
EndProject
Project("{8BC9CEB8-8B4A-11D0-8D11-00A0C91BC942}") = "SPIRV-Tools", "ThirdLib\glslang\Build\External\spirv-tools\source\SPIRV-Tools.vcxproj", "{EED45E9D-7214-4562-B921-0C36503EFAFB}"
EndProject
Project("{8BC9CEB8-8B4A-11D0-8D11-00A0C91BC942}") = "SPIRV-Tools-opt", "ThirdLib\glslang\Build\External\spirv-tools\source\opt\SPIRV-Tools-opt.vcxproj", "{6CCD87DD-30C1-4076-90D4-543D31FF57F8}"
EndProject
Global
	GlobalSection(SolutionConfigurationPlatforms) = preSolution
		Debug|x64 = Debug|x64
		Debug|x86 = Debug|x86
		MinSizeRel|x64 = MinSizeRel|x64
		MinSizeRel|x86 = MinSizeRel|x86
		Release|x64 = Release|x64
		Release|x86 = Release|x86
		RelWithDebInfo|x64 = RelWithDebInfo|x64
		RelWithDebInfo|x86 = RelWithDebInfo|x86
	EndGlobalSection
	GlobalSection(ProjectConfigurationPlatforms) = postSolution
		{DD11E214-6AE9-47E6-80F6-E6B42BF38564}.Debug|x64.ActiveCfg = Debug|x64
		{DD11E214-6AE9-47E6-80F6-E6B42BF38564}.Debug|x64.Build.0 = Debug|x64
		{DD11E214-6AE9-47E6-80F6-E6B42BF38564}.Debug|x86.ActiveCfg = Debug|Win32
		{DD11E214-6AE9-47E6-80F6-E6B42BF38564}.Debug|x86.Build.0 = Debug|Win32
		{DD11E214-6AE9-47E6-80F6-E6B42BF38564}.MinSizeRel|x64.ActiveCfg = Release|x64
		{DD11E214-6AE9-47E6-80F6-E6B42BF38564}.MinSizeRel|x64.Build.0 = Release|x64
		{DD11E214-6AE9-47E6-80F6-E6B42BF38564}.MinSizeRel|x86.ActiveCfg = Release|Win32
		{DD11E214-6AE9-47E6-80F6-E6B42BF38564}.MinSizeRel|x86.Build.0 = Release|Win32
		{DD11E214-6AE9-47E6-80F6-E6B42BF38564}.Release|x64.ActiveCfg = Release|x64
		{DD11E214-6AE9-47E6-80F6-E6B42BF38564}.Release|x64.Build.0 = Release|x64
		{DD11E214-6AE9-47E6-80F6-E6B42BF38564}.Release|x86.ActiveCfg = Release|Win32
		{DD11E214-6AE9-47E6-80F6-E6B42BF38564}.Release|x86.Build.0 = Release|Win32
		{DD11E214-6AE9-47E6-80F6-E6B42BF38564}.RelWithDebInfo|x64.ActiveCfg = Release|x64
		{DD11E214-6AE9-47E6-80F6-E6B42BF38564}.RelWithDebInfo|x64.Build.0 = Release|x64
		{DD11E214-6AE9-47E6-80F6-E6B42BF38564}.RelWithDebInfo|x86.ActiveCfg = Release|Win32
		{DD11E214-6AE9-47E6-80F6-E6B42BF38564}.RelWithDebInfo|x86.Build.0 = Release|Win32
		{32BCA2E5-CBCE-4440-A89B-B557A0A6D881}.Debug|x64.ActiveCfg = Debug|x64
		{32BCA2E5-CBCE-4440-A89B-B557A0A6D881}.Debug|x64.Build.0 = Debug|x64
		{32BCA2E5-CBCE-4440-A89B-B557A0A6D881}.Debug|x86.ActiveCfg = Debug|Win32
		{32BCA2E5-CBCE-4440-A89B-B557A0A6D881}.Debug|x86.Build.0 = Debug|Win32
		{32BCA2E5-CBCE-4440-A89B-B557A0A6D881}.MinSizeRel|x64.ActiveCfg = Release|x64
		{32BCA2E5-CBCE-4440-A89B-B557A0A6D881}.MinSizeRel|x64.Build.0 = Release|x64
		{32BCA2E5-CBCE-4440-A89B-B557A0A6D881}.MinSizeRel|x86.ActiveCfg = Release|Win32
		{32BCA2E5-CBCE-4440-A89B-B557A0A6D881}.MinSizeRel|x86.Build.0 = Release|Win32
		{32BCA2E5-CBCE-4440-A89B-B557A0A6D881}.Release|x64.ActiveCfg = Release|x64
		{32BCA2E5-CBCE-4440-A89B-B557A0A6D881}.Release|x64.Build.0 = Release|x64
		{32BCA2E5-CBCE-4440-A89B-B557A0A6D881}.Release|x86.ActiveCfg = Release|Win32
		{32BCA2E5-CBCE-4440-A89B-B557A0A6D881}.Release|x86.Build.0 = Release|Win32
		{32BCA2E5-CBCE-4440-A89B-B557A0A6D881}.RelWithDebInfo|x64.ActiveCfg = Release|x64
		{32BCA2E5-CBCE-4440-A89B-B557A0A6D881}.RelWithDebInfo|x64.Build.0 = Release|x64
		{32BCA2E5-CBCE-4440-A89B-B557A0A6D881}.RelWithDebInfo|x86.ActiveCfg = Release|Win32
		{32BCA2E5-CBCE-4440-A89B-B557A0A6D881}.RelWithDebInfo|x86.Build.0 = Release|Win32
		{E5A44831-1A26-4E1E-A89F-CEAE6A181BBD}.Debug|x64.ActiveCfg = Debug|x64
		{E5A44831-1A26-4E1E-A89F-CEAE6A181BBD}.Debug|x64.Build.0 = Debug|x64
		{E5A44831-1A26-4E1E-A89F-CEAE6A181BBD}.Debug|x86.ActiveCfg = Debug|x64
		{E5A44831-1A26-4E1E-A89F-CEAE6A181BBD}.MinSizeRel|x64.ActiveCfg = MinSizeRel|x64
		{E5A44831-1A26-4E1E-A89F-CEAE6A181BBD}.MinSizeRel|x64.Build.0 = MinSizeRel|x64
		{E5A44831-1A26-4E1E-A89F-CEAE6A181BBD}.MinSizeRel|x86.ActiveCfg = MinSizeRel|x64
		{E5A44831-1A26-4E1E-A89F-CEAE6A181BBD}.Release|x64.ActiveCfg = Release|x64
		{E5A44831-1A26-4E1E-A89F-CEAE6A181BBD}.Release|x64.Build.0 = Release|x64
		{E5A44831-1A26-4E1E-A89F-CEAE6A181BBD}.Release|x86.ActiveCfg = Release|x64
		{E5A44831-1A26-4E1E-A89F-CEAE6A181BBD}.RelWithDebInfo|x64.ActiveCfg = RelWithDebInfo|x64
		{E5A44831-1A26-4E1E-A89F-CEAE6A181BBD}.RelWithDebInfo|x64.Build.0 = RelWithDebInfo|x64
		{E5A44831-1A26-4E1E-A89F-CEAE6A181BBD}.RelWithDebInfo|x86.ActiveCfg = RelWithDebInfo|x64
		{39741C27-2E11-4D12-A9A0-6250CA95E150}.Debug|x64.ActiveCfg = Debug|x64
		{39741C27-2E11-4D12-A9A0-6250CA95E150}.Debug|x64.Build.0 = Debug|x64
		{39741C27-2E11-4D12-A9A0-6250CA95E150}.Debug|x86.ActiveCfg = Debug|x64
		{39741C27-2E11-4D12-A9A0-6250CA95E150}.MinSizeRel|x64.ActiveCfg = MinSizeRel|x64
		{39741C27-2E11-4D12-A9A0-6250CA95E150}.MinSizeRel|x64.Build.0 = MinSizeRel|x64
		{39741C27-2E11-4D12-A9A0-6250CA95E150}.MinSizeRel|x86.ActiveCfg = MinSizeRel|x64
		{39741C27-2E11-4D12-A9A0-6250CA95E150}.Release|x64.ActiveCfg = Release|x64
		{39741C27-2E11-4D12-A9A0-6250CA95E150}.Release|x64.Build.0 = Release|x64
		{39741C27-2E11-4D12-A9A0-6250CA95E150}.Release|x86.ActiveCfg = Release|x64
		{39741C27-2E11-4D12-A9A0-6250CA95E150}.RelWithDebInfo|x64.ActiveCfg = RelWithDebInfo|x64
		{39741C27-2E11-4D12-A9A0-6250CA95E150}.RelWithDebInfo|x64.Build.0 = RelWithDebInfo|x64
		{39741C27-2E11-4D12-A9A0-6250CA95E150}.RelWithDebInfo|x86.ActiveCfg = RelWithDebInfo|x64
		{CE815FD8-6BBD-43EA-A128-7F6D74A36052}.Debug|x64.ActiveCfg = Debug|x64
		{CE815FD8-6BBD-43EA-A128-7F6D74A36052}.Debug|x64.Build.0 = Debug|x64
		{CE815FD8-6BBD-43EA-A128-7F6D74A36052}.Debug|x86.ActiveCfg = Debug|x64
		{CE815FD8-6BBD-43EA-A128-7F6D74A36052}.MinSizeRel|x64.ActiveCfg = MinSizeRel|x64
		{CE815FD8-6BBD-43EA-A128-7F6D74A36052}.MinSizeRel|x64.Build.0 = MinSizeRel|x64
		{CE815FD8-6BBD-43EA-A128-7F6D74A36052}.MinSizeRel|x86.ActiveCfg = MinSizeRel|x64
		{CE815FD8-6BBD-43EA-A128-7F6D74A36052}.Release|x64.ActiveCfg = Release|x64
		{CE815FD8-6BBD-43EA-A128-7F6D74A36052}.Release|x64.Build.0 = Release|x64
		{CE815FD8-6BBD-43EA-A128-7F6D74A36052}.Release|x86.ActiveCfg = Release|x64
		{CE815FD8-6BBD-43EA-A128-7F6D74A36052}.RelWithDebInfo|x64.ActiveCfg = RelWithDebInfo|x64
		{CE815FD8-6BBD-43EA-A128-7F6D74A36052}.RelWithDebInfo|x64.Build.0 = RelWithDebInfo|x64
		{CE815FD8-6BBD-43EA-A128-7F6D74A36052}.RelWithDebInfo|x86.ActiveCfg = RelWithDebInfo|x64
		{60EC7584-C146-430C-ACD0-26CEA9578386}.Debug|x64.ActiveCfg = Debug|x64
		{60EC7584-C146-430C-ACD0-26CEA9578386}.Debug|x64.Build.0 = Debug|x64
		{60EC7584-C146-430C-ACD0-26CEA9578386}.Debug|x86.ActiveCfg = Debug|x64
		{60EC7584-C146-430C-ACD0-26CEA9578386}.MinSizeRel|x64.ActiveCfg = MinSizeRel|x64
		{60EC7584-C146-430C-ACD0-26CEA9578386}.MinSizeRel|x64.Build.0 = MinSizeRel|x64
		{60EC7584-C146-430C-ACD0-26CEA9578386}.MinSizeRel|x86.ActiveCfg = MinSizeRel|x64
		{60EC7584-C146-430C-ACD0-26CEA9578386}.Release|x64.ActiveCfg = Release|x64
		{60EC7584-C146-430C-ACD0-26CEA9578386}.Release|x64.Build.0 = Release|x64
		{60EC7584-C146-430C-ACD0-26CEA9578386}.Release|x86.ActiveCfg = Release|x64
		{60EC7584-C146-430C-ACD0-26CEA9578386}.RelWithDebInfo|x64.ActiveCfg = RelWithDebInfo|x64
		{60EC7584-C146-430C-ACD0-26CEA9578386}.RelWithDebInfo|x64.Build.0 = RelWithDebInfo|x64
		{60EC7584-C146-430C-ACD0-26CEA9578386}.RelWithDebInfo|x86.ActiveCfg = RelWithDebInfo|x64
		{01086780-5495-4E39-902E-A36FB943ADBF}.Debug|x64.ActiveCfg = Debug|x64
		{01086780-5495-4E39-902E-A36FB943ADBF}.Debug|x64.Build.0 = Debug|x64
		{01086780-5495-4E39-902E-A36FB943ADBF}.Debug|x86.ActiveCfg = Debug|x64
		{01086780-5495-4E39-902E-A36FB943ADBF}.MinSizeRel|x64.ActiveCfg = MinSizeRel|x64
		{01086780-5495-4E39-902E-A36FB943ADBF}.MinSizeRel|x64.Build.0 = MinSizeRel|x64
		{01086780-5495-4E39-902E-A36FB943ADBF}.MinSizeRel|x86.ActiveCfg = MinSizeRel|x64
		{01086780-5495-4E39-902E-A36FB943ADBF}.Release|x64.ActiveCfg = Release|x64
		{01086780-5495-4E39-902E-A36FB943ADBF}.Release|x64.Build.0 = Release|x64
		{01086780-5495-4E39-902E-A36FB943ADBF}.Release|x86.ActiveCfg = Release|x64
		{01086780-5495-4E39-902E-A36FB943ADBF}.RelWithDebInfo|x64.ActiveCfg = RelWithDebInfo|x64
		{01086780-5495-4E39-902E-A36FB943ADBF}.RelWithDebInfo|x64.Build.0 = RelWithDebInfo|x64
		{01086780-5495-4E39-902E-A36FB943ADBF}.RelWithDebInfo|x86.ActiveCfg = RelWithDebInfo|x64
		{6813EA9B-2AE5-40A4-8577-2AA95CD8E23B}.Debug|x64.ActiveCfg = Debug|x64
		{6813EA9B-2AE5-40A4-8577-2AA95CD8E23B}.Debug|x64.Build.0 = Debug|x64
		{6813EA9B-2AE5-40A4-8577-2AA95CD8E23B}.Debug|x86.ActiveCfg = Debug|x64
		{6813EA9B-2AE5-40A4-8577-2AA95CD8E23B}.MinSizeRel|x64.ActiveCfg = MinSizeRel|x64
		{6813EA9B-2AE5-40A4-8577-2AA95CD8E23B}.MinSizeRel|x64.Build.0 = MinSizeRel|x64
		{6813EA9B-2AE5-40A4-8577-2AA95CD8E23B}.MinSizeRel|x86.ActiveCfg = MinSizeRel|x64
		{6813EA9B-2AE5-40A4-8577-2AA95CD8E23B}.Release|x64.ActiveCfg = Release|x64
		{6813EA9B-2AE5-40A4-8577-2AA95CD8E23B}.Release|x64.Build.0 = Release|x64
		{6813EA9B-2AE5-40A4-8577-2AA95CD8E23B}.Release|x86.ActiveCfg = Release|x64
		{6813EA9B-2AE5-40A4-8577-2AA95CD8E23B}.RelWithDebInfo|x64.ActiveCfg = RelWithDebInfo|x64
		{6813EA9B-2AE5-40A4-8577-2AA95CD8E23B}.RelWithDebInfo|x64.Build.0 = RelWithDebInfo|x64
		{6813EA9B-2AE5-40A4-8577-2AA95CD8E23B}.RelWithDebInfo|x86.ActiveCfg = RelWithDebInfo|x64
		{EED45E9D-7214-4562-B921-0C36503EFAFB}.Debug|x64.ActiveCfg = Debug|x64
		{EED45E9D-7214-4562-B921-0C36503EFAFB}.Debug|x64.Build.0 = Debug|x64
		{EED45E9D-7214-4562-B921-0C36503EFAFB}.Debug|x86.ActiveCfg = Debug|x64
		{EED45E9D-7214-4562-B921-0C36503EFAFB}.MinSizeRel|x64.ActiveCfg = MinSizeRel|x64
		{EED45E9D-7214-4562-B921-0C36503EFAFB}.MinSizeRel|x64.Build.0 = MinSizeRel|x64
		{EED45E9D-7214-4562-B921-0C36503EFAFB}.MinSizeRel|x86.ActiveCfg = MinSizeRel|x64
		{EED45E9D-7214-4562-B921-0C36503EFAFB}.Release|x64.ActiveCfg = Release|x64
		{EED45E9D-7214-4562-B921-0C36503EFAFB}.Release|x64.Build.0 = Release|x64
		{EED45E9D-7214-4562-B921-0C36503EFAFB}.Release|x86.ActiveCfg = Release|x64
		{EED45E9D-7214-4562-B921-0C36503EFAFB}.RelWithDebInfo|x64.ActiveCfg = RelWithDebInfo|x64
		{EED45E9D-7214-4562-B921-0C36503EFAFB}.RelWithDebInfo|x64.Build.0 = RelWithDebInfo|x64
		{EED45E9D-7214-4562-B921-0C36503EFAFB}.RelWithDebInfo|x86.ActiveCfg = RelWithDebInfo|x64
		{6CCD87DD-30C1-4076-90D4-543D31FF57F8}.Debug|x64.ActiveCfg = Debug|x64
		{6CCD87DD-30C1-4076-90D4-543D31FF57F8}.Debug|x64.Build.0 = Debug|x64
		{6CCD87DD-30C1-4076-90D4-543D31FF57F8}.Debug|x86.ActiveCfg = Debug|x64
		{6CCD87DD-30C1-4076-90D4-543D31FF57F8}.MinSizeRel|x64.ActiveCfg = MinSizeRel|x64
		{6CCD87DD-30C1-4076-90D4-543D31FF57F8}.MinSizeRel|x64.Build.0 = MinSizeRel|x64
		{6CCD87DD-30C1-4076-90D4-543D31FF57F8}.MinSizeRel|x86.ActiveCfg = MinSizeRel|x64
		{6CCD87DD-30C1-4076-90D4-543D31FF57F8}.Release|x64.ActiveCfg = Release|x64
		{6CCD87DD-30C1-4076-90D4-543D31FF57F8}.Release|x64.Build.0 = Release|x64
		{6CCD87DD-30C1-4076-90D4-543D31FF57F8}.Release|x86.ActiveCfg = Release|x64
		{6CCD87DD-30C1-4076-90D4-543D31FF57F8}.RelWithDebInfo|x64.ActiveCfg = RelWithDebInfo|x64
		{6CCD87DD-30C1-4076-90D4-543D31FF57F8}.RelWithDebInfo|x64.Build.0 = RelWithDebInfo|x64
		{6CCD87DD-30C1-4076-90D4-543D31FF57F8}.RelWithDebInfo|x86.ActiveCfg = RelWithDebInfo|x64
	EndGlobalSection
	GlobalSection(SolutionProperties) = preSolution
		HideSolutionNode = FALSE
	EndGlobalSection
	GlobalSection(NestedProjects) = preSolution
		{DD11E214-6AE9-47E6-80F6-E6B42BF38564} = {FF35740A-3927-457E-9978-03975CF8ABA0}
		{32BCA2E5-CBCE-4440-A89B-B557A0A6D881} = {A0FF287E-840C-433A-BA0C-BAD1404A3206}
		{E5A44831-1A26-4E1E-A89F-CEAE6A181BBD} = {A5B016D2-DB5E-4910-8085-A68EDAD3FF03}
		{39741C27-2E11-4D12-A9A0-6250CA95E150} = {A5B016D2-DB5E-4910-8085-A68EDAD3FF03}
		{CE815FD8-6BBD-43EA-A128-7F6D74A36052} = {A5B016D2-DB5E-4910-8085-A68EDAD3FF03}
		{60EC7584-C146-430C-ACD0-26CEA9578386} = {A5B016D2-DB5E-4910-8085-A68EDAD3FF03}
		{01086780-5495-4E39-902E-A36FB943ADBF} = {A5B016D2-DB5E-4910-8085-A68EDAD3FF03}
		{6813EA9B-2AE5-40A4-8577-2AA95CD8E23B} = {A5B016D2-DB5E-4910-8085-A68EDAD3FF03}
		{EED45E9D-7214-4562-B921-0C36503EFAFB} = {A5B016D2-DB5E-4910-8085-A68EDAD3FF03}
		{6CCD87DD-30C1-4076-90D4-543D31FF57F8} = {A5B016D2-DB5E-4910-8085-A68EDAD3FF03}
	EndGlobalSection
	GlobalSection(ExtensibilityGlobals) = postSolution
		SolutionGuid = {2720C549-303D-4E66-B293-E2FF61D30F16}
	EndGlobalSection
EndGlobal
