<?xml version="1.0" encoding="utf-8"?>
<Project ToolsVersion="4.0" xmlns="http://schemas.microsoft.com/developer/msbuild/2003">
  <ItemGroup>
    <Filter Include="Core">
      <UniqueIdentifier>{1aa1edb5-2322-4e4c-969e-fe26bc9e4d11}</UniqueIdentifier>
    </Filter>
    <Filter Include="Include">
      <UniqueIdentifier>{b2d395b3-8b40-4a3d-a843-6538361cd4c6}</UniqueIdentifier>
    </Filter>
    <Filter Include="Platform">
      <UniqueIdentifier>{e771f26c-df2d-4a51-810e-1b77d1a006d6}</UniqueIdentifier>
    </Filter>
    <Filter Include="Render">
      <UniqueIdentifier>{d8ee53b7-785f-425a-85e6-fde0ca6fdea2}</UniqueIdentifier>
    </Filter>
  </ItemGroup>
  <ItemGroup>
    <ClCompile Include="Core\Application.cpp">
      <Filter>Core</Filter>
    </ClCompile>
    <ClCompile Include="Include\Engine.cpp">
      <Filter>Include</Filter>
    </ClCompile>
    <ClCompile Include="Platform\Win32Window.cpp">
      <Filter>Platform</Filter>
    </ClCompile>
    <ClCompile Include="Core\Timer.cpp">
      <Filter>Core</Filter>
    </ClCompile>
    <ClCompile Include="Core\Log.cpp">
      <Filter>Core</Filter>
    </ClCompile>
    <ClCompile Include="Render\RenderDevice.cpp">
      <Filter>Render</Filter>
    </ClCompile>
    <ClCompile Include="Core\Allocator.cpp">
      <Filter>Core</Filter>
    </ClCompile>
  </ItemGroup>
  <ItemGroup>
    <ClInclude Include="Core\Application.h">
      <Filter>Core</Filter>
    </ClInclude>
    <ClInclude Include="Core\Config.h">
      <Filter>Core</Filter>
    </ClInclude>
    <ClInclude Include="Include\Engine.h">
      <Filter>Include</Filter>
    </ClInclude>
    <ClInclude Include="Platform\Win32Window.h">
      <Filter>Platform</Filter>
    </ClInclude>
    <ClInclude Include="Core\Timer.h">
      <Filter>Core</Filter>
    </ClInclude>
    <ClInclude Include="Core\Log.h">
      <Filter>Core</Filter>
    </ClInclude>
    <ClInclude Include="Render\RenderDevice.h">
      <Filter>Render</Filter>
    </ClInclude>
    <ClInclude Include="Core\Allocator.h">
      <Filter>Core</Filter>
    </ClInclude>
  </ItemGroup>
</Project>